{
    "_readme": [
        "This file locks the dependencies of your project to a known state",
        "Read more about it at https://getcomposer.org/doc/01-basic-usage.md#installing-dependencies",
        "This file is @generated automatically"
    ],
    "content-hash": "7f5706c849d17edf82f0df574650c11e",
    "packages": [
        {
            "name": "phpclassic/php-shopify",
            "version": "v1.2.4",
            "source": {
                "type": "git",
                "url": "https://github.com/phpclassic/php-shopify.git",
                "reference": "38b31fcab8fc15dc9d7b066d6a337e22f988954f"
            },
            "dist": {
                "type": "zip",
                "url": "https://api.github.com/repos/phpclassic/php-shopify/zipball/38b31fcab8fc15dc9d7b066d6a337e22f988954f",
                "reference": "38b31fcab8fc15dc9d7b066d6a337e22f988954f",
                "shasum": ""
            },
            "require": {
                "ext-curl": "*",
                "ext-json": "*",
                "php": ">=5.6"
            },
            "require-dev": {
                "phpunit/phpunit": "^5.5"
            },
            "type": "library",
            "autoload": {
                "psr-4": {
                    "PHPShopify\\": "lib/"
                }
            },
            "notification-url": "https://packagist.org/downloads/",
            "license": [
                "Apache-2.0"
            ],
            "authors": [
                {
                    "name": "Tareq Mahmood",
                    "email": "tareqtms@yahoo.com"
                }
            ],
            "description": "PHP SDK for Shopify API",
            "homepage": "https://github.com/phpclassic/php-shopify",
            "keywords": [
                "php",
                "sdk",
                "shopify"
            ],
            "support": {
                "issues": "https://github.com/phpclassic/php-shopify/issues",
                "source": "https://github.com/phpclassic/php-shopify/tree/v1.2.4"
            },
            "time": "2022-12-14T06:44:17+00:00"
        }
    ],
    "packages-dev": [],
    "aliases": [],
    "minimum-stability": "stable",
    "stability-flags": [],
    "prefer-stable": false,
    "prefer-lowest": false,
    "platform": [],
    "platform-dev": [],
    "plugin-api-version": "2.3.0"
}
